github.com/go-sql-driver/mysql v1.5.0 h1:ozyZYNQW3x3HtqT1jira07DN2PArx2v7/mN66gGcHOs=
github.com/go-sql-driver/mysql v1.5.0/go.mod h1:DCzpHaOWr8IXmIStZouvnhqoel9Qv2LBy8hT2VhHyBg=
github.com/morikuni/failure v0.11.0 h1:fLQwvKbFhGYmHankExnKlsKGYbath50lBAujCd4lE7A=
github.com/morikuni/failure v0.11.0/go.mod h1:+IjvKCz9B/D4BQrTzYLwERdWyMkGJdu+q5gri9dWecg=
github.com/newrelic/go-agent v1.11.0 h1:jnd8+H6dB+93UTJHFT1wJoij5spKNN/xZ0nkw0kvt7o=
github.com/newrelic/go-agent v3.8.1+incompatible h1:8TAEekJseggmwfn79CjoV308PyNlzDVExkUwFeDBUxk=
github.com/newrelic/go-agent v3.8.1+incompatible/go.mod h1:a8Fv1b/fYhFSReoTU6HDkTYIMZeSVNffmoS726Y0LzQ=
github.com/newrelic/go-agent/v3 v3.3.0 h1:qcdu8gEsvRWCaKIN35Fr7sdwl7fk/DyVw2r1anYcUgM=
github.com/newrelic/go-agent/v3 v3.3.0/go.mod h1:H28zDNUC0U/b7kLoY4EFOhuth10Xu/9dchozUiOseQQ=
github.com/newrelic/go-agent/v3 v3.8.1 h1:PzM7tOO7ojBxHxEXY/AQJ8bAKrM9vFeFbHPkTaVo8+Q=
github.com/newrelic/go-agent/v3/integrations/nrmysql v1.2.0 h1:50aPHLkbkIK6RM7Jhqe7HiCb0S4Q35l0n8VHz6z+69E=
github.com/newrelic/go-agent/v3/integrations/nrmysql v1.2.0/go.mod h1:JNzxsD3gL+G93ZkpvEC3+5AMh9Zo+xVrIiadUbXVdUc=
github.com/skip2/go-qrcode v0.0.0-20190110000554-dc11ecdae0a9 h1:lpEzuenPuO1XNTeikEmvqYFcU37GVLl8SRNblzyvGBE=
github.com/skip2/go-qrcode v0.0.0-20190110000554-dc11ecdae0a9/go.mod h1:PLPIyL7ikehBD1OAjmKKiOEhbvWyHGaNDjquXMcYABo=
